// !$*UTF8*$!
{
	archiveVersion = 1;
	classes = {
	};
	objectVersion = 51;
	objects = {

/* Begin PBXBuildFile section */
		478379CB26F1E69600CB16BF /* AppDelegate.swift in Sources */ = {isa = PBXBuildFile; fileRef = 478379CA26F1E69600CB16BF /* AppDelegate.swift */; };
		478379CD26F1E69600CB16BF /* SceneDelegate.swift in Sources */ = {isa = PBXBuildFile; fileRef = 478379CC26F1E69600CB16BF /* SceneDelegate.swift */; };
		478379CF26F1E69600CB16BF /* ViewController.swift in Sources */ = {isa = PBXBuildFile; fileRef = 478379CE26F1E69600CB16BF /* ViewController.swift */; };
		478379D226F1E69600CB16BF /* Main.storyboard in Resources */ = {isa = PBXBuildFile; fileRef = 478379D026F1E69600CB16BF /* Main.storyboard */; };
		478379D426F1E69800CB16BF /* Assets.xcassets in Resources */ = {isa = PBXBuildFile; fileRef = 478379D326F1E69800CB16BF /* Assets.xcassets */; };
		478379D726F1E69800CB16BF /* LaunchScreen.storyboard in Resources */ = {isa = PBXBuildFile; fileRef = 478379D526F1E69800CB16BF /* LaunchScreen.storyboard */; };
		478379DF26F1F3BA00CB16BF /* EntryViewControlller.swift in Sources */ = {isa = PBXBuildFile; fileRef = 478379DE26F1F3BA00CB16BF /* EntryViewControlller.swift */; };
		478379E126F1F3C600CB16BF /* ViewViewController.swift in Sources */ = {isa = PBXBuildFile; fileRef = 478379E026F1F3C600CB16BF /* ViewViewController.swift */; };
		4C64E621525372F0E1BDB16A /* Pods_RekrutacjaToDo.framework in Frameworks */ = {isa = PBXBuildFile; fileRef = 7E4A10ABE07B6B4F5DC4D9E0 /* Pods_RekrutacjaToDo.framework */; };
/* End PBXBuildFile section */

/* Begin PBXFileReference section */
		0C687AB7867FC39ECDA55C0A /* Pods-RekrutacjaToDo.debug.xcconfig */ = {isa = PBXFileReference; includeInIndex = 1; lastKnownFileType = text.xcconfig; name = "Pods-RekrutacjaToDo.debug.xcconfig"; path = "Target Support Files/Pods-RekrutacjaToDo/Pods-RekrutacjaToDo.debug.xcconfig"; sourceTree = "<group>"; };
		478379C726F1E69600CB16BF /* RekrutacjaToDo.app */ = {isa = PBXFileReference; explicitFileType = wrapper.application; includeInIndex = 0; path = RekrutacjaToDo.app; sourceTree = BUILT_PRODUCTS_DIR; };
		478379CA26F1E69600CB16BF /* AppDelegate.swift */ = {isa = PBXFileReference; lastKnownFileType = sourcecode.swift; path = AppDelegate.swift; sourceTree = "<group>"; };
		478379CC26F1E69600CB16BF /* SceneDelegate.swift */ = {isa = PBXFileReference; lastKnownFileType = sourcecode.swift; path = SceneDelegate.swift; sourceTree = "<group>"; };
		478379CE26F1E69600CB16BF /* ViewController.swift */ = {isa = PBXFileReference; lastKnownFileType = sourcecode.swift; path = ViewController.swift; sourceTree = "<group>"; };
		478379D126F1E69600CB16BF /* Base */ = {isa = PBXFileReference; lastKnownFileType = file.storyboard; name = Base; path = Base.lproj/Main.storyboard; sourceTree = "<group>"; };
		478379D326F1E69800CB16BF /* Assets.xcassets */ = {isa = PBXFileReference; lastKnownFileType = folder.assetcatalog; path = Assets.xcassets; sourceTree = "<group>"; };
		478379D626F1E69800CB16BF /* Base */ = {isa = PBXFileReference; lastKnownFileType = file.storyboard; name = Base; path = Base.lproj/LaunchScreen.storyboard; sourceTree = "<group>"; };
		478379D826F1E69800CB16BF /* Info.plist */ = {isa = PBXFileReference; lastKnownFileType = text.plist.xml; path = Info.plist; sourceTree = "<group>"; };
		478379DE26F1F3BA00CB16BF /* EntryViewControlller.swift */ = {isa = PBXFileReference; lastKnownFileType = sourcecode.swift; path = EntryViewControlller.swift; sourceTree = "<group>"; };
		478379E026F1F3C600CB16BF /* ViewViewController.swift */ = {isa = PBXFileReference; lastKnownFileType = sourcecode.swift; path = ViewViewController.swift; sourceTree = "<group>"; };
		7E4A10ABE07B6B4F5DC4D9E0 /* Pods_RekrutacjaToDo.framework */ = {isa = PBXFileReference; explicitFileType = wrapper.framework; includeInIndex = 0; path = Pods_RekrutacjaToDo.framework; sourceTree = BUILT_PRODUCTS_DIR; };
		A121FD267EA95CA4118CBAF3 /* Pods-RekrutacjaToDo.release.xcconfig */ = {isa = PBXFileReference; includeInIndex = 1; lastKnownFileType = text.xcconfig; name = "Pods-RekrutacjaToDo.release.xcconfig"; path = "Target Support Files/Pods-RekrutacjaToDo/Pods-RekrutacjaToDo.release.xcconfig"; sourceTree = "<group>"; };
/* End PBXFileReference section */

/* Begin PBXFrameworksBuildPhase section */
		478379C426F1E69600CB16BF /* Frameworks */ = {
			isa = PBXFrameworksBuildPhase;
			buildActionMask = 2147483647;
			files = (
				4C64E621525372F0E1BDB16A /* Pods_RekrutacjaToDo.framework in Frameworks */,
			);
			runOnlyForDeploymentPostprocessing = 0;
		};
/* End PBXFrameworksBuildPhase section */

/* Begin PBXGroup section */
		478379BE26F1E69600CB16BF = {
			isa = PBXGroup;
			children = (
				478379C926F1E69600CB16BF /* RekrutacjaToDo */,
				478379C826F1E69600CB16BF /* Products */,
				DBB251867E6C7BC3062AFC48 /* Pods */,
				81FE99AB7B36FBBD3606762A /* Frameworks */,
			);
			sourceTree = "<group>";
		};
		478379C826F1E69600CB16BF /* Products */ = {
			isa = PBXGroup;
			children = (
				478379C726F1E69600CB16BF /* RekrutacjaToDo.app */,
			);
			name = Products;
			sourceTree = "<group>";
		};
		478379C926F1E69600CB16BF /* RekrutacjaToDo */ = {
			isa = PBXGroup;
			children = (
				478379CA26F1E69600CB16BF /* AppDelegate.swift */,
				478379CC26F1E69600CB16BF /* SceneDelegate.swift */,
				478379CE26F1E69600CB16BF /* ViewController.swift */,
				478379D026F1E69600CB16BF /* Main.storyboard */,
				478379D326F1E69800CB16BF /* Assets.xcassets */,
				478379D526F1E69800CB16BF /* LaunchScreen.storyboard */,
				478379D826F1E69800CB16BF /* Info.plist */,
				478379DE26F1F3BA00CB16BF /* EntryViewControlller.swift */,
				478379E026F1F3C600CB16BF /* ViewViewController.swift */,
			);
			path = RekrutacjaToDo;
			sourceTree = "<group>";
		};
		81FE99AB7B36FBBD3606762A /* Frameworks */ = {
			isa = PBXGroup;
			children = (
				7E4A10ABE07B6B4F5DC4D9E0 /* Pods_RekrutacjaToDo.framework */,
			);
			name = Frameworks;
			sourceTree = "<group>";
		};
		DBB251867E6C7BC3062AFC48 /* Pods */ = {
			isa = PBXGroup;
			children = (
				0C687AB7867FC39ECDA55C0A /* Pods-RekrutacjaToDo.debug.xcconfig */,
				A121FD267EA95CA4118CBAF3 /* Pods-RekrutacjaToDo.release.xcconfig */,
			);
			path = Pods;
			sourceTree = "<group>";
		};
/* End PBXGroup section */

/* Begin PBXNativeTarget section */
		478379C626F1E69600CB16BF /* RekrutacjaToDo */ = {
			isa = PBXNativeTarget;
			buildConfigurationList = 478379DB26F1E69800CB16BF /* Build configuration list for PBXNativeTarget "RekrutacjaToDo" */;
			buildPhases = (
				EC826DC30C649E60B7A86657 /* [CP] Check Pods Manifest.lock */,
				478379C326F1E69600CB16BF /* Sources */,
				478379C426F1E69600CB16BF /* Frameworks */,
				478379C526F1E69600CB16BF /* Resources */,
				F7163917468CDEFBEE057102 /* [CP] Embed Pods Frameworks */,
			);
			buildRules = (
			);
			dependencies = (
			);
			name = RekrutacjaToDo;
			productName = RekrutacjaToDo;
			productReference = 478379C726F1E69600CB16BF /* RekrutacjaToDo.app */;
			productType = "com.apple.product-type.application";
		};
/* End PBXNativeTarget section */

/* Begin PBXProject section */
		478379BF26F1E69600CB16BF /* Project object */ = {
			isa = PBXProject;
			attributes = {
				LastSwiftUpdateCheck = 1250;
				LastUpgradeCheck = 1250;
				TargetAttributes = {
					478379C626F1E69600CB16BF = {
						CreatedOnToolsVersion = 12.5.1;
					};
				};
			};
			buildConfigurationList = 478379C226F1E69600CB16BF /* Build configuration list for PBXProject "RekrutacjaToDo" */;
			compatibilityVersion = "Xcode 9.3";
			developmentRegion = en;
			hasScannedForEncodings = 0;
			knownRegions = (
				en,
				Base,
			);
			mainGroup = 478379BE26F1E69600CB16BF;
			productRefGroup = 478379C826F1E69600CB16BF /* Products */;
			projectDirPath = "";
			projectRoot = "";
			targets = (
				478379C626F1E69600CB16BF /* RekrutacjaToDo */,
			);
		};
/* End PBXProject section */

/* Begin PBXResourcesBuildPhase section */
		478379C526F1E69600CB16BF /* Resources */ = {
			isa = PBXResourcesBuildPhase;
			buildActionMask = 2147483647;
			files = (
				478379D726F1E69800CB16BF /* LaunchScreen.storyboard in Resources */,
				478379D426F1E69800CB16BF /* Assets.xcassets in Resources */,
				478379D226F1E69600CB16BF /* Main.storyboard in Resources */,
			);
			runOnlyForDeploymentPostprocessing = 0;
		};
/* End PBXResourcesBuildPhase section */

/* Begin PBXShellScriptBuildPhase section */
		EC826DC30C649E60B7A86657 /* [CP] Check Pods Manifest.lock */ = {
			isa = PBXShellScriptBuildPhase;
			buildActionMask = 2147483647;
			files = (
			);
			inputFileListPaths = (
			);
			inputPaths = (
				"${PODS_PODFILE_DIR_PATH}/Podfile.lock",
				"${PODS_ROOT}/Manifest.lock",
			);
			name = "[CP] Check Pods Manifest.lock";
			outputFileListPaths = (
			);
			outputPaths = (
				"$(DERIVED_FILE_DIR)/Pods-RekrutacjaToDo-checkManifestLockResult.txt",
			);
			runOnlyForDeploymentPostprocessing = 0;
			shellPath = /bin/sh;
			shellScript = "diff \"${PODS_PODFILE_DIR_PATH}/Podfile.lock\" \"${PODS_ROOT}/Manifest.lock\" > /dev/null\nif [ $? != 0 ] ; then\n    # print error to STDERR\n    echo \"error: The sandbox is not in sync with the Podfile.lock. Run 'pod install' or update your CocoaPods installation.\" >&2\n    exit 1\nfi\n# This output is used by Xcode 'outputs' to avoid re-running this script phase.\necho \"SUCCESS\" > \"${SCRIPT_OUTPUT_FILE_0}\"\n";
			showEnvVarsInLog = 0;
		};
		F7163917468CDEFBEE057102 /* [CP] Embed Pods Frameworks */ = {
			isa = PBXShellScriptBuildPhase;
			buildActionMask = 2147483647;
			files = (
			);
			inputFileListPaths = (
				"${PODS_ROOT}/Target Support Files/Pods-RekrutacjaToDo/Pods-RekrutacjaToDo-frameworks-${CONFIGURATION}-input-files.xcfilelist",
			);
			name = "[CP] Embed Pods Frameworks";
			outputFileListPaths = (
				"${PODS_ROOT}/Target Support Files/Pods-RekrutacjaToDo/Pods-RekrutacjaToDo-frameworks-${CONFIGURATION}-output-files.xcfilelist",
			);
			runOnlyForDeploymentPostprocessing = 0;
			shellPath = /bin/sh;
			shellScript = "\"${PODS_ROOT}/Target Support Files/Pods-RekrutacjaToDo/Pods-RekrutacjaToDo-frameworks.sh\"\n";
			showEnvVarsInLog = 0;
		};
/* End PBXShellScriptBuildPhase section */

/* Begin PBXSourcesBuildPhase section */
		478379C326F1E69600CB16BF /* Sources */ = {
			isa = PBXSourcesBuildPhase;
			buildActionMask = 2147483647;
			files = (
				478379CF26F1E69600CB16BF /* ViewController.swift in Sources */,
				478379CB26F1E69600CB16BF /* AppDelegate.swift in Sources */,
				478379E126F1F3C600CB16BF /* ViewViewController.swift in Sources */,
				478379CD26F1E69600CB16BF /* SceneDelegate.swift in Sources */,
				478379DF26F1F3BA00CB16BF /* EntryViewControlller.swift in Sources */,
			);
			runOnlyForDeploymentPostprocessing = 0;
		};
/* End PBXSourcesBuildPhase section */

/* Begin PBXVariantGroup section */
		478379D026F1E69600CB16BF /* Main.storyboard */ = {
			isa = PBXVariantGroup;
			children = (
				478379D126F1E69600CB16BF /* Base */,
			);
			name = Main.storyboard;
			sourceTree = "<group>";
		};
		478379D526F1E69800CB16BF /* LaunchScreen.storyboard */ = {
			isa = PBXVariantGroup;
			children = (
				478379D626F1E69800CB16BF /* Base */,
			);
			name = LaunchScreen.storyboard;
			sourceTree = "<group>";
		};
/* End PBXVariantGroup section */

/* Begin XCBuildConfiguration section */
		478379D926F1E69800CB16BF /* Debug */ = {
			isa = XCBuildConfiguration;
			buildSettings = {
				ALWAYS_SEARCH_USER_PATHS = NO;
				CLANG_ANALYZER_NONNULL = YES;
				CLANG_ANALYZER_NUMBER_OBJECT_CONVERSION = YES_AGGRESSIVE;
				CLANG_CXX_LANGUAGE_STANDARD = "gnu++14";
				CLANG_CXX_LIBRARY = "libc++";
				CLANG_ENABLE_MODULES = YES;
				CLANG_ENABLE_OBJC_ARC = YES;
				CLANG_ENABLE_OBJC_WEAK = YES;
				CLANG_WARN_BLOCK_CAPTURE_AUTORELEASING = YES;
				CLANG_WARN_BOOL_CONVERSION = YES;
				CLANG_WARN_COMMA = YES;
				CLANG_WARN_CONSTANT_CONVERSION = YES;
				CLANG_WARN_DEPRECATED_OBJC_IMPLEMENTATIONS = YES;
				CLANG_WARN_DIRECT_OBJC_ISA_USAGE = YES_ERROR;
				CLANG_WARN_DOCUMENTATION_COMMENTS = YES;
				CLANG_WARN_EMPTY_BODY = YES;
				CLANG_WARN_ENUM_CONVERSION = YES;
				CLANG_WARN_INFINITE_RECURSION = YES;
				CLANG_WARN_INT_CONVERSION = YES;
				CLANG_WARN_NON_LITERAL_NULL_CONVERSION = YES;
				CLANG_WARN_OBJC_IMPLICIT_RETAIN_SELF = YES;
				CLANG_WARN_OBJC_LITERAL_CONVERSION = YES;
				CLANG_WARN_OBJC_ROOT_CLASS = YES_ERROR;
				CLANG_WARN_QUOTED_INCLUDE_IN_FRAMEWORK_HEADER = YES;
				CLANG_WARN_RANGE_LOOP_ANALYSIS = YES;
				CLANG_WARN_STRICT_PROTOTYPES = YES;
				CLANG_WARN_SUSPICIOUS_MOVE = YES;
				CLANG_WARN_UNGUARDED_AVAILABILITY = YES_AGGRESSIVE;
				CLANG_WARN_UNREACHABLE_CODE = YES;
				CLANG_WARN__DUPLICATE_METHOD_MATCH = YES;
				COPY_PHASE_STRIP = NO;
				DEBUG_INFORMATION_FORMAT = dwarf;
				ENABLE_STRICT_OBJC_MSGSEND = YES;
				ENABLE_TESTABILITY = YES;
				GCC_C_LANGUAGE_STANDARD = gnu11;
				GCC_DYNAMIC_NO_PIC = NO;
				GCC_NO_COMMON_BLOCKS = YES;
				GCC_OPTIMIZATION_LEVEL = 0;
				GCC_PREPROCESSOR_DEFINITIONS = (
					"DEBUG=1",
					"$(inherited)",
				);
				GCC_WARN_64_TO_32_BIT_CONVERSION = YES;
				GCC_WARN_ABOUT_RETURN_TYPE = YES_ERROR;
				GCC_WARN_UNDECLARED_SELECTOR = YES;
				GCC_WARN_UNINITIALIZED_AUTOS = YES_AGGRESSIVE;
				GCC_WARN_UNUSED_FUNCTION = YES;
				GCC_WARN_UNUSED_VARIABLE = YES;
				IPHONEOS_DEPLOYMENT_TARGET = 14.5;
				MTL_ENABLE_DEBUG_INFO = INCLUDE_SOURCE;
				MTL_FAST_MATH = YES;
				ONLY_ACTIVE_ARCH = YES;
				SDKROOT = iphoneos;
				SWIFT_ACTIVE_COMPILATION_CONDITIONS = DEBUG;
				SWIFT_OPTIMIZATION_LEVEL = "-Onone";
			};
			name = Debug;
		};
		478379DA26F1E69800CB16BF /* Release */ = {
			isa = XCBuildConfiguration;
			buildSettings = {
				ALWAYS_SEARCH_USER_PATHS = NO;
				CLANG_ANALYZER_NONNULL = YES;
				CLANG_ANALYZER_NUMBER_OBJECT_CONVERSION = YES_AGGRESSIVE;
				CLANG_CXX_LANGUAGE_STANDARD = "gnu++14";
				CLANG_CXX_LIBRARY = "libc++";
				CLANG_ENABLE_MODULES = YES;
				CLANG_ENABLE_OBJC_ARC = YES;
				CLANG_ENABLE_OBJC_WEAK = YES;
				CLANG_WARN_BLOCK_CAPTURE_AUTORELEASING = YES;
				CLANG_WARN_BOOL_CONVERSION = YES;
				CLANG_WARN_COMMA = YES;
				CLANG_WARN_CONSTANT_CONVERSION = YES;
				CLANG_WARN_DEPRECATED_OBJC_IMPLEMENTATIONS = YES;
				CLANG_WARN_DIRECT_OBJC_ISA_USAGE = YES_ERROR;
				CLANG_WARN_DOCUMENTATION_COMMENTS = YES;
				CLANG_WARN_EMPTY_BODY = YES;
				CLANG_WARN_ENUM_CONVERSION = YES;
				CLANG_WARN_INFINITE_RECURSION = YES;
				CLANG_WARN_INT_CONVERSION = YES;
				CLANG_WARN_NON_LITERAL_NULL_CONVERSION = YES;
				CLANG_WARN_OBJC_IMPLICIT_RETAIN_SELF = YES;
				CLANG_WARN_OBJC_LITERAL_CONVERSION = YES;
				CLANG_WARN_OBJC_ROOT_CLASS = YES_ERROR;
				CLANG_WARN_QUOTED_INCLUDE_IN_FRAMEWORK_HEADER = YES;
				CLANG_WARN_RANGE_LOOP_ANALYSIS = YES;
				CLANG_WARN_STRICT_PROTOTYPES = YES;
				CLANG_WARN_SUSPICIOUS_MOVE = YES;
				CLANG_WARN_UNGUARDED_AVAILABILITY = YES_AGGRESSIVE;
				CLANG_WARN_UNREACHABLE_CODE = YES;
				CLANG_WARN__DUPLICATE_METHOD_MATCH = YES;
				COPY_PHASE_STRIP = NO;
				DEBUG_INFORMATION_FORMAT = "dwarf-with-dsym";
				ENABLE_NS_ASSERTIONS = NO;
				ENABLE_STRICT_OBJC_MSGSEND = YES;
				GCC_C_LANGUAGE_STANDARD = gnu11;
				GCC_NO_COMMON_BLOCKS = YES;
				GCC_WARN_64_TO_32_BIT_CONVERSION = YES;
				GCC_WARN_ABOUT_RETURN_TYPE = YES_ERROR;
				GCC_WARN_UNDECLARED_SELECTOR = YES;
				GCC_WARN_UNINITIALIZED_AUTOS = YES_AGGRESSIVE;
				GCC_WARN_UNUSED_FUNCTION = YES;
				GCC_WARN_UNUSED_VARIABLE = YES;
				IPHONEOS_DEPLOYMENT_TARGET = 14.5;
				MTL_ENABLE_DEBUG_INFO = NO;
				MTL_FAST_MATH = YES;
				SDKROOT = iphoneos;
				SWIFT_COMPILATION_MODE = wholemodule;
				SWIFT_OPTIMIZATION_LEVEL = "-O";
				VALIDATE_PRODUCT = YES;
			};
			name = Release;
		};
		478379DC26F1E69800CB16BF /* Debug */ = {
			isa = XCBuildConfiguration;
			baseConfigurationReference = 0C687AB7867FC39ECDA55C0A /* Pods-RekrutacjaToDo.debug.xcconfig */;
			buildSettings = {
				ASSETCATALOG_COMPILER_APPICON_NAME = AppIcon;
				ASSETCATALOG_COMPILER_GLOBAL_ACCENT_COLOR_NAME = AccentColor;
				CODE_SIGN_STYLE = Automatic;
				DEVELOPMENT_TEAM = NTJ2LGEA4G;
				INFOPLIST_FILE = RekrutacjaToDo/Info.plist;
				LD_RUNPATH_SEARCH_PATHS = (
					"$(inherited)",
					"@executable_path/Frameworks",
				);
				PRODUCT_BUNDLE_IDENTIFIER = kt.RekrutacjaToDo;
				PRODUCT_NAME = "$(TARGET_NAME)";
				SWIFT_VERSION = 5.0;
				TARGETED_DEVICE_FAMILY = "1,2";
			};
			name = Debug;
		};
		478379DD26F1E69800CB16BF /* Release */ = {
			isa = XCBuildConfiguration;
			baseConfigurationReference = A121FD267EA95CA4118CBAF3 /* Pods-RekrutacjaToDo.release.xcconfig */;
			buildSettings = {
				ASSETCATALOG_COMPILER_APPICON_NAME = AppIcon;
				ASSETCATALOG_COMPILER_GLOBAL_ACCENT_COLOR_NAME = AccentColor;
				CODE_SIGN_STYLE = Automatic;
				DEVELOPMENT_TEAM = NTJ2LGEA4G;
				INFOPLIST_FILE = RekrutacjaToDo/Info.plist;
				LD_RUNPATH_SEARCH_PATHS = (
					"$(inherited)",
					"@executable_path/Frameworks",
				);
				PRODUCT_BUNDLE_IDENTIFIER = kt.RekrutacjaToDo;
				PRODUCT_NAME = "$(TARGET_NAME)";
				SWIFT_VERSION = 5.0;
				TARGETED_DEVICE_FAMILY = "1,2";
			};
			name = Release;
		};
/* End XCBuildConfiguration section */

/* Begin XCConfigurationList section */
		478379C226F1E69600CB16BF /* Build configuration list for PBXProject "RekrutacjaToDo" */ = {
			isa = XCConfigurationList;
			buildConfigurations = (
				478379D926F1E69800CB16BF /* Debug */,
				478379DA26F1E69800CB16BF /* Release */,
			);
			defaultConfigurationIsVisible = 0;
			defaultConfigurationName = Release;
		};
		478379DB26F1E69800CB16BF /* Build configuration list for PBXNativeTarget "RekrutacjaToDo" */ = {
			isa = XCConfigurationList;
			buildConfigurations = (
				478379DC26F1E69800CB16BF /* Debug */,
				478379DD26F1E69800CB16BF /* Release */,
			);
			defaultConfigurationIsVisible = 0;
			defaultConfigurationName = Release;
		};
/* End XCConfigurationList section */
	};
	rootObject = 478379BF26F1E69600CB16BF /* Project object */;
}
